<?xml version="1.0" encoding="utf-8"?>
<Project ToolsVersion="4.0" xmlns="http://schemas.microsoft.com/developer/msbuild/2003">
  <ItemGroup>
    <Filter Include="Source Files">
      <UniqueIdentifier>{4FC737F1-C7A5-4376-A066-2A32D752A2FF}</UniqueIdentifier>
      <Extensions>cpp;c;cc;cxx;def;odl;idl;hpj;bat;asm;asmx</Extensions>
    </Filter>
    <Filter Include="Header Files">
      <UniqueIdentifier>{93995380-89BD-4b04-88EB-625FBE52EBFB}</UniqueIdentifier>
      <Extensions>h;hh;hpp;hxx;hm;inl;inc;ipp;xsd</Extensions>
    </Filter>
    <Filter Include="Resource Files">
      <UniqueIdentifier>{67DA6AB6-F800-4c08-8B7A-83BB121AAD01}</UniqueIdentifier>
      <Extensions>rc;ico;cur;bmp;dlg;rc2;rct;bin;rgs;gif;jpg;jpeg;jpe;resx;tiff;tif;png;wav;mfcribbon-ms</Extensions>
    </Filter>
    <Filter Include="Header Files\Module">
      <UniqueIdentifier>{d3a88616-8ae6-48fa-827e-b0a747dc0055}</UniqueIdentifier>
    </Filter>
    <Filter Include="Header Files\Module\Map">
      <UniqueIdentifier>{b91fe824-7f6a-4a5d-a978-e9ee8953e8cd}</UniqueIdentifier>
    </Filter>
    <Filter Include="Source Files\Module">
      <UniqueIdentifier>{ff1364c5-9680-48d9-8b09-93761c2e4330}</UniqueIdentifier>
    </Filter>
    <Filter Include="Source Files\Module\Map">
      <UniqueIdentifier>{8dc28065-57a8-404f-858c-617c431d5df4}</UniqueIdentifier>
    </Filter>
    <Filter Include="Header Files\Utils">
      <UniqueIdentifier>{3d116848-a716-4344-854e-40c4ac261a7d}</UniqueIdentifier>
    </Filter>
    <Filter Include="Source Files\Utils">
      <UniqueIdentifier>{3584cecf-fd77-4245-bc42-42a053e11595}</UniqueIdentifier>
    </Filter>
    <Filter Include="Header Files\Shared">
      <UniqueIdentifier>{9966ef16-7ad1-4289-9fd4-22e1beb5494d}</UniqueIdentifier>
    </Filter>
    <Filter Include="Source Files\Shared">
      <UniqueIdentifier>{e959135b-c058-481b-b573-1b5b3a22796d}</UniqueIdentifier>
    </Filter>
    <Filter Include="Header Files\Component">
      <UniqueIdentifier>{1329e94c-a74e-4e97-a6e8-9b4a337488ea}</UniqueIdentifier>
    </Filter>
    <Filter Include="Header Files\Component\Item">
      <UniqueIdentifier>{c54ab310-cf2c-4831-83c6-91d506cf8343}</UniqueIdentifier>
    </Filter>
    <Filter Include="Header Files\Component\Unit">
      <UniqueIdentifier>{b8921f32-aa33-4ab3-a705-2ff9af12b379}</UniqueIdentifier>
    </Filter>
    <Filter Include="Source Files\Component">
      <UniqueIdentifier>{bc1dfff3-426f-48bb-86f8-da9d9b2c7213}</UniqueIdentifier>
    </Filter>
    <Filter Include="Source Files\Component\Item">
      <UniqueIdentifier>{61959c1b-0d85-4e48-b21b-d7caf635b40a}</UniqueIdentifier>
    </Filter>
    <Filter Include="Source Files\Component\Unit">
      <UniqueIdentifier>{b0f37075-6608-4bfc-9865-dd4233aced81}</UniqueIdentifier>
    </Filter>
    <Filter Include="Header Files\Component\Item\Container">
      <UniqueIdentifier>{52933a3a-b8f8-4b9e-bca6-2899b78a662b}</UniqueIdentifier>
    </Filter>
    <Filter Include="Header Files\Component\Item\Weapon">
      <UniqueIdentifier>{a83d41bc-6532-4ec7-923e-2c7c48fd29e0}</UniqueIdentifier>
    </Filter>
    <Filter Include="Source Files\Component\Item\Weapon">
      <UniqueIdentifier>{72e5fbd4-d545-4c17-b120-9a68466de958}</UniqueIdentifier>
    </Filter>
    <Filter Include="Source Files\Component\Item\Container">
      <UniqueIdentifier>{201898bc-5318-4936-b64c-c0159f85075a}</UniqueIdentifier>
    </Filter>
  </ItemGroup>
  <ItemGroup>
    <ClCompile Include="main.cpp">
      <Filter>Source Files</Filter>
    </ClCompile>
    <ClCompile Include="RotationDirection.h">
      <Filter>Header Files\Component\Unit</Filter>
    </ClCompile>
    <ClCompile Include="Unit.cpp">
      <Filter>Source Files\Component\Unit</Filter>
    </ClCompile>
    <ClCompile Include="UnitInventoryController.cpp">
      <Filter>Source Files\Component\Unit</Filter>
    </ClCompile>
    <ClCompile Include="ItemManager.cpp">
      <Filter>Source Files\Component\Item</Filter>
    </ClCompile>
    <ClCompile Include="ItemType.cpp">
      <Filter>Source Files\Component\Item</Filter>
    </ClCompile>
    <ClCompile Include="Item.cpp">
      <Filter>Source Files\Component\Item</Filter>
    </ClCompile>
    <ClCompile Include="IdManager.cpp">
      <Filter>Source Files\Shared</Filter>
    </ClCompile>
    <ClCompile Include="Tile.cpp">
      <Filter>Source Files\Module\Map</Filter>
    </ClCompile>
    <ClCompile Include="MapController.cpp">
      <Filter>Source Files\Module\Map</Filter>
    </ClCompile>
    <ClCompile Include="Printer.cpp">
      <Filter>Source Files\Utils</Filter>
    </ClCompile>
    <ClCompile Include="RenderDataArray.cpp">
      <Filter>Source Files\Shared</Filter>
    </ClCompile>
    <ClCompile Include="RenderData.cpp">
      <Filter>Source Files\Shared</Filter>
    </ClCompile>
    <ClCompile Include="ItemFactory.cpp">
      <Filter>Source Files\Component\Item</Filter>
    </ClCompile>
    <ClCompile Include="BallisticMagazine.cpp">
      <Filter>Source Files\Component\Item\Weapon</Filter>
    </ClCompile>
    <ClCompile Include="BallisticWeapon.cpp">
      <Filter>Source Files\Component\Item\Weapon</Filter>
    </ClCompile>
    <ClCompile Include="RangedWeapon.cpp">
      <Filter>Source Files\Component\Item\Weapon</Filter>
    </ClCompile>
    <ClCompile Include="Weapon.cpp">
      <Filter>Source Files\Component\Item\Weapon</Filter>
    </ClCompile>
    <ClCompile Include="Container.cpp">
      <Filter>Source Files\Component\Item\Container</Filter>
    </ClCompile>
    <ClCompile Include="ItemClassConverter.cpp">
      <Filter>Source Files</Filter>
    </ClCompile>
    <ClCompile Include="DiceRoller.cpp">
      <Filter>Source Files</Filter>
    </ClCompile>
  </ItemGroup>
  <ItemGroup>
    <ClInclude Include="ItemManager.h">
      <Filter>Header Files\Component\Item</Filter>
    </ClInclude>
    <ClInclude Include="Item.h">
      <Filter>Header Files\Component\Item</Filter>
    </ClInclude>
    <ClInclude Include="ItemType.h">
      <Filter>Header Files\Component\Item</Filter>
    </ClInclude>
    <ClInclude Include="UnitBodyPart.h">
      <Filter>Header Files\Component\Unit</Filter>
    </ClInclude>
    <ClInclude Include="Unit.h">
      <Filter>Header Files\Component\Unit</Filter>
    </ClInclude>
    <ClInclude Include="UnitInventoryController.h">
      <Filter>Header Files\Component\Unit</Filter>
    </ClInclude>
    <ClInclude Include="MapController.h">
      <Filter>Header Files\Module\Map</Filter>
    </ClInclude>
    <ClInclude Include="Tile.h">
      <Filter>Header Files\Module\Map</Filter>
    </ClInclude>
    <ClInclude Include="TileType.h">
      <Filter>Header Files\Module\Map</Filter>
    </ClInclude>
    <ClInclude Include="Direction.h">
      <Filter>Header Files\Component\Unit</Filter>
    </ClInclude>
    <ClInclude Include="IdManager.h">
      <Filter>Header Files\Shared</Filter>
    </ClInclude>
    <ClInclude Include="RenderDataArray.h">
      <Filter>Header Files\Shared</Filter>
    </ClInclude>
    <ClInclude Include="RenderData.h">
      <Filter>Header Files\Shared</Filter>
    </ClInclude>
    <ClInclude Include="TerminalColor.h">
      <Filter>Header Files\Utils</Filter>
    </ClInclude>
    <ClInclude Include="Printer.h">
      <Filter>Header Files\Utils</Filter>
    </ClInclude>
    <ClInclude Include="ItemPreset.h">
      <Filter>Header Files\Component\Item</Filter>
    </ClInclude>
    <ClInclude Include="ItemFactory.h">
      <Filter>Header Files\Component\Item</Filter>
    </ClInclude>
    <ClInclude Include="BallisticMagazine.h">
      <Filter>Header Files\Component\Item\Weapon</Filter>
    </ClInclude>
    <ClInclude Include="BallisticMagazineType.h">
      <Filter>Header Files\Component\Item\Weapon</Filter>
    </ClInclude>
    <ClInclude Include="BallisticWeapon.h">
      <Filter>Header Files\Component\Item\Weapon</Filter>
    </ClInclude>
    <ClInclude Include="Weapon.h">
      <Filter>Header Files\Component\Item\Weapon</Filter>
    </ClInclude>
    <ClInclude Include="WeaponType.h">
      <Filter>Header Files\Component\Item\Weapon</Filter>
    </ClInclude>
    <ClInclude Include="Container.h">
      <Filter>Header Files\Component\Item\Container</Filter>
    </ClInclude>
    <ClInclude Include="RangedWeapon.h">
      <Filter>Header Files\Component\Item\Weapon</Filter>
    </ClInclude>
    <ClInclude Include="ItemClassConverter.h">
      <Filter>Header Files</Filter>
    </ClInclude>
    <ClInclude Include="DiceRoller.h">
      <Filter>Header Files</Filter>
    </ClInclude>
    <ClInclude Include="CoinSide.h">
      <Filter>Header Files</Filter>
    </ClInclude>
    <ClInclude Include="DieType.h">
      <Filter>Header Files</Filter>
    </ClInclude>
  </ItemGroup>
</Project>